
Microsoft Visual Studio Solution File, Format Version 10.00
# Visual Studio 2008
Project("{8BC9CEB8-8B4A-11D0-8D11-00A0C91BC942}") = "gmpy2.python27", "gmpy2.python27\gmpy2.python27.vcproj", "{3960600D-E796-4080-A23D-299A7B6A1098}"
EndProject
Project("{8BC9CEB8-8B4A-11D0-8D11-00A0C91BC942}") = "gmpy2.python31", "gmpy2.python31\gmpy2.python31.vcproj", "{2EB66D8F-F107-41CD-AB07-B5512523935C}"
EndProject
Project("{8BC9CEB8-8B4A-11D0-8D11-00A0C91BC942}") = "gmpy2.python26", "gmpy2.python26\gmpy2.python26.vcproj", "{4A305DD3-5FE9-4B76-AB1F-8C0C2263BEF8}"
EndProject
Global
	GlobalSection(SolutionConfigurationPlatforms) = preSolution
		Debug|Win32 = Debug|Win32
		Debug|x64 = Debug|x64
		Release|Win32 = Release|Win32
		Release|x64 = Release|x64
	EndGlobalSection
	GlobalSection(ProjectConfigurationPlatforms) = postSolution
		{3960600D-E796-4080-A23D-299A7B6A1098}.Debug|Win32.ActiveCfg = Debug|Win32
		{3960600D-E796-4080-A23D-299A7B6A1098}.Debug|Win32.Build.0 = Debug|Win32
		{3960600D-E796-4080-A23D-299A7B6A1098}.Debug|x64.ActiveCfg = Debug|x64
		{3960600D-E796-4080-A23D-299A7B6A1098}.Debug|x64.Build.0 = Debug|x64
		{3960600D-E796-4080-A23D-299A7B6A1098}.Release|Win32.ActiveCfg = Release|Win32
		{3960600D-E796-4080-A23D-299A7B6A1098}.Release|Win32.Build.0 = Release|Win32
		{3960600D-E796-4080-A23D-299A7B6A1098}.Release|x64.ActiveCfg = Release|x64
		{3960600D-E796-4080-A23D-299A7B6A1098}.Release|x64.Build.0 = Release|x64
		{2EB66D8F-F107-41CD-AB07-B5512523935C}.Debug|Win32.ActiveCfg = Debug|Win32
		{2EB66D8F-F107-41CD-AB07-B5512523935C}.Debug|Win32.Build.0 = Debug|Win32
		{2EB66D8F-F107-41CD-AB07-B5512523935C}.Debug|x64.ActiveCfg = Debug|x64
		{2EB66D8F-F107-41CD-AB07-B5512523935C}.Debug|x64.Build.0 = Debug|x64
		{2EB66D8F-F107-41CD-AB07-B5512523935C}.Release|Win32.ActiveCfg = Release|Win32
		{2EB66D8F-F107-41CD-AB07-B5512523935C}.Release|Win32.Build.0 = Release|Win32
		{2EB66D8F-F107-41CD-AB07-B5512523935C}.Release|x64.ActiveCfg = Release|x64
		{2EB66D8F-F107-41CD-AB07-B5512523935C}.Release|x64.Build.0 = Release|x64
		{4A305DD3-5FE9-4B76-AB1F-8C0C2263BEF8}.Debug|Win32.ActiveCfg = Debug|Win32
		{4A305DD3-5FE9-4B76-AB1F-8C0C2263BEF8}.Debug|Win32.Build.0 = Debug|Win32
		{4A305DD3-5FE9-4B76-AB1F-8C0C2263BEF8}.Debug|x64.ActiveCfg = Debug|x64
		{4A305DD3-5FE9-4B76-AB1F-8C0C2263BEF8}.Debug|x64.Build.0 = Debug|x64
		{4A305DD3-5FE9-4B76-AB1F-8C0C2263BEF8}.Release|Win32.ActiveCfg = Release|Win32
		{4A305DD3-5FE9-4B76-AB1F-8C0C2263BEF8}.Release|Win32.Build.0 = Release|Win32
		{4A305DD3-5FE9-4B76-AB1F-8C0C2263BEF8}.Release|x64.ActiveCfg = Release|x64
		{4A305DD3-5FE9-4B76-AB1F-8C0C2263BEF8}.Release|x64.Build.0 = Release|x64
	EndGlobalSection
	GlobalSection(SolutionProperties) = preSolution
		HideSolutionNode = FALSE
	EndGlobalSection
EndGlobal
